// !$*UTF8*$!
{
	archiveVersion = 1;
	classes = {
	};
	objectVersion = 55;
	objects = {

/* Begin PBXBuildFile section */
		53BD112B27EE532F003C156E /* AppDelegate.swift in Sources */ = {isa = PBXBuildFile; fileRef = 53BD112A27EE532F003C156E /* AppDelegate.swift */; };
		53BD112D27EE532F003C156E /* SceneDelegate.swift in Sources */ = {isa = PBXBuildFile; fileRef = 53BD112C27EE532F003C156E /* SceneDelegate.swift */; };
		53BD112F27EE532F003C156E /* ViewController.swift in Sources */ = {isa = PBXBuildFile; fileRef = 53BD112E27EE532F003C156E /* ViewController.swift */; };
		53BD113227EE532F003C156E /* Main.storyboard in Resources */ = {isa = PBXBuildFile; fileRef = 53BD113027EE532F003C156E /* Main.storyboard */; };
		53BD113427EE5330003C156E /* Assets.xcassets in Resources */ = {isa = PBXBuildFile; fileRef = 53BD113327EE5330003C156E /* Assets.xcassets */; };
		53BD113727EE5330003C156E /* LaunchScreen.storyboard in Resources */ = {isa = PBXBuildFile; fileRef = 53BD113527EE5330003C156E /* LaunchScreen.storyboard */; };
		53BD114227EE5331003C156E /* AnimationMoveAppTests.swift in Sources */ = {isa = PBXBuildFile; fileRef = 53BD114127EE5331003C156E /* AnimationMoveAppTests.swift */; };
		53BD114C27EE5331003C156E /* AnimationMoveAppUITests.swift in Sources */ = {isa = PBXBuildFile; fileRef = 53BD114B27EE5331003C156E /* AnimationMoveAppUITests.swift */; };
		53BD114E27EE5331003C156E /* AnimationMoveAppUITestsLaunchTests.swift in Sources */ = {isa = PBXBuildFile; fileRef = 53BD114D27EE5331003C156E /* AnimationMoveAppUITestsLaunchTests.swift */; };
/* End PBXBuildFile section */

/* Begin PBXContainerItemProxy section */
		53BD113E27EE5331003C156E /* PBXContainerItemProxy */ = {
			isa = PBXContainerItemProxy;
			containerPortal = 53BD111F27EE532F003C156E /* Project object */;
			proxyType = 1;
			remoteGlobalIDString = 53BD112627EE532F003C156E;
			remoteInfo = AnimationMoveApp;
		};
		53BD114827EE5331003C156E /* PBXContainerItemProxy */ = {
			isa = PBXContainerItemProxy;
			containerPortal = 53BD111F27EE532F003C156E /* Project object */;
			proxyType = 1;
			remoteGlobalIDString = 53BD112627EE532F003C156E;
			remoteInfo = AnimationMoveApp;
		};
/* End PBXContainerItemProxy section */

/* Begin PBXFileReference section */
		53BD112727EE532F003C156E /* AnimationMoveApp.app */ = {isa = PBXFileReference; explicitFileType = wrapper.application; includeInIndex = 0; path = AnimationMoveApp.app; sourceTree = BUILT_PRODUCTS_DIR; };
		53BD112A27EE532F003C156E /* AppDelegate.swift */ = {isa = PBXFileReference; lastKnownFileType = sourcecode.swift; path = AppDelegate.swift; sourceTree = "<group>"; };
		53BD112C27EE532F003C156E /* SceneDelegate.swift */ = {isa = PBXFileReference; lastKnownFileType = sourcecode.swift; path = SceneDelegate.swift; sourceTree = "<group>"; };
		53BD112E27EE532F003C156E /* ViewController.swift */ = {isa = PBXFileReference; lastKnownFileType = sourcecode.swift; path = ViewController.swift; sourceTree = "<group>"; };
		53BD113127EE532F003C156E /* Base */ = {isa = PBXFileReference; lastKnownFileType = file.storyboard; name = Base; path = Base.lproj/Main.storyboard; sourceTree = "<group>"; };
		53BD113327EE5330003C156E /* Assets.xcassets */ = {isa = PBXFileReference; lastKnownFileType = folder.assetcatalog; path = Assets.xcassets; sourceTree = "<group>"; };
		53BD113627EE5330003C156E /* Base */ = {isa = PBXFileReference; lastKnownFileType = file.storyboard; name = Base; path = Base.lproj/LaunchScreen.storyboard; sourceTree = "<group>"; };
		53BD113827EE5330003C156E /* Info.plist */ = {isa = PBXFileReference; lastKnownFileType = text.plist.xml; path = Info.plist; sourceTree = "<group>"; };
		53BD113D27EE5331003C156E /* AnimationMoveAppTests.xctest */ = {isa = PBXFileReference; explicitFileType = wrapper.cfbundle; includeInIndex = 0; path = AnimationMoveAppTests.xctest; sourceTree = BUILT_PRODUCTS_DIR; };
		53BD114127EE5331003C156E /* AnimationMoveAppTests.swift */ = {isa = PBXFileReference; lastKnownFileType = sourcecode.swift; path = AnimationMoveAppTests.swift; sourceTree = "<group>"; };
		53BD114727EE5331003C156E /* AnimationMoveAppUITests.xctest */ = {isa = PBXFileReference; explicitFileType = wrapper.cfbundle; includeInIndex = 0; path = AnimationMoveAppUITests.xctest; sourceTree = BUILT_PRODUCTS_DIR; };
		53BD114B27EE5331003C156E /* AnimationMoveAppUITests.swift */ = {isa = PBXFileReference; lastKnownFileType = sourcecode.swift; path = AnimationMoveAppUITests.swift; sourceTree = "<group>"; };
		53BD114D27EE5331003C156E /* AnimationMoveAppUITestsLaunchTests.swift */ = {isa = PBXFileReference; lastKnownFileType = sourcecode.swift; path = AnimationMoveAppUITestsLaunchTests.swift; sourceTree = "<group>"; };
/* End PBXFileReference section */

/* Begin PBXFrameworksBuildPhase section */
		53BD112427EE532F003C156E /* Frameworks */ = {
			isa = PBXFrameworksBuildPhase;
			buildActionMask = 2147483647;
			files = (
			);
			runOnlyForDeploymentPostprocessing = 0;
		};
		53BD113A27EE5331003C156E /* Frameworks */ = {
			isa = PBXFrameworksBuildPhase;
			buildActionMask = 2147483647;
			files = (
			);
			runOnlyForDeploymentPostprocessing = 0;
		};
		53BD114427EE5331003C156E /* Frameworks */ = {
			isa = PBXFrameworksBuildPhase;
			buildActionMask = 2147483647;
			files = (
			);
			runOnlyForDeploymentPostprocessing = 0;
		};
/* End PBXFrameworksBuildPhase section */

/* Begin PBXGroup section */
		53BD111E27EE532F003C156E = {
			isa = PBXGroup;
			children = (
				53BD112927EE532F003C156E /* AnimationMoveApp */,
				53BD114027EE5331003C156E /* AnimationMoveAppTests */,
				53BD114A27EE5331003C156E /* AnimationMoveAppUITests */,
				53BD112827EE532F003C156E /* Products */,
			);
			sourceTree = "<group>";
		};
		53BD112827EE532F003C156E /* Products */ = {
			isa = PBXGroup;
			children = (
				53BD112727EE532F003C156E /* AnimationMoveApp.app */,
				53BD113D27EE5331003C156E /* AnimationMoveAppTests.xctest */,
				53BD114727EE5331003C156E /* AnimationMoveAppUITests.xctest */,
			);
			name = Products;
			sourceTree = "<group>";
		};
		53BD112927EE532F003C156E /* AnimationMoveApp */ = {
			isa = PBXGroup;
			children = (
				53BD112A27EE532F003C156E /* AppDelegate.swift */,
				53BD112C27EE532F003C156E /* SceneDelegate.swift */,
				53BD112E27EE532F003C156E /* ViewController.swift */,
				53BD113027EE532F003C156E /* Main.storyboard */,
				53BD113327EE5330003C156E /* Assets.xcassets */,
				53BD113527EE5330003C156E /* LaunchScreen.storyboard */,
				53BD113827EE5330003C156E /* Info.plist */,
			);
			path = AnimationMoveApp;
			sourceTree = "<group>";
		};
		53BD114027EE5331003C156E /* AnimationMoveAppTests */ = {
			isa = PBXGroup;
			children = (
				53BD114127EE5331003C156E /* AnimationMoveAppTests.swift */,
			);
			path = AnimationMoveAppTests;
			sourceTree = "<group>";
		};
		53BD114A27EE5331003C156E /* AnimationMoveAppUITests */ = {
			isa = PBXGroup;
			children = (
				53BD114B27EE5331003C156E /* AnimationMoveAppUITests.swift */,
				53BD114D27EE5331003C156E /* AnimationMoveAppUITestsLaunchTests.swift */,
			);
			path = AnimationMoveAppUITests;
			sourceTree = "<group>";
		};
/* End PBXGroup section */

/* Begin PBXNativeTarget section */
		53BD112627EE532F003C156E /* AnimationMoveApp */ = {
			isa = PBXNativeTarget;
			buildConfigurationList = 53BD115127EE5331003C156E /* Build configuration list for PBXNativeTarget "AnimationMoveApp" */;
			buildPhases = (
				53BD112327EE532F003C156E /* Sources */,
				53BD112427EE532F003C156E /* Frameworks */,
				53BD112527EE532F003C156E /* Resources */,
			);
			buildRules = (
			);
			dependencies = (
			);
			name = AnimationMoveApp;
			productName = AnimationMoveApp;
			productReference = 53BD112727EE532F003C156E /* AnimationMoveApp.app */;
			productType = "com.apple.product-type.application";
		};
		53BD113C27EE5331003C156E /* AnimationMoveAppTests */ = {
			isa = PBXNativeTarget;
			buildConfigurationList = 53BD115427EE5331003C156E /* Build configuration list for PBXNativeTarget "AnimationMoveAppTests" */;
			buildPhases = (
				53BD113927EE5331003C156E /* Sources */,
				53BD113A27EE5331003C156E /* Frameworks */,
				53BD113B27EE5331003C156E /* Resources */,
			);
			buildRules = (
			);
			dependencies = (
				53BD113F27EE5331003C156E /* PBXTargetDependency */,
			);
			name = AnimationMoveAppTests;
			productName = AnimationMoveAppTests;
			productReference = 53BD113D27EE5331003C156E /* AnimationMoveAppTests.xctest */;
			productType = "com.apple.product-type.bundle.unit-test";
		};
		53BD114627EE5331003C156E /* AnimationMoveAppUITests */ = {
			isa = PBXNativeTarget;
			buildConfigurationList = 53BD115727EE5331003C156E /* Build configuration list for PBXNativeTarget "AnimationMoveAppUITests" */;
			buildPhases = (
				53BD114327EE5331003C156E /* Sources */,
				53BD114427EE5331003C156E /* Frameworks */,
				53BD114527EE5331003C156E /* Resources */,
			);
			buildRules = (
			);
			dependencies = (
				53BD114927EE5331003C156E /* PBXTargetDependency */,
			);
			name = AnimationMoveAppUITests;
			productName = AnimationMoveAppUITests;
			productReference = 53BD114727EE5331003C156E /* AnimationMoveAppUITests.xctest */;
			productType = "com.apple.product-type.bundle.ui-testing";
		};
/* End PBXNativeTarget section */

/* Begin PBXProject section */
		53BD111F27EE532F003C156E /* Project object */ = {
			isa = PBXProject;
			attributes = {
				BuildIndependentTargetsInParallel = 1;
				LastSwiftUpdateCheck = 1330;
				LastUpgradeCheck = 1330;
				TargetAttributes = {
					53BD112627EE532F003C156E = {
						CreatedOnToolsVersion = 13.3;
					};
					53BD113C27EE5331003C156E = {
						CreatedOnToolsVersion = 13.3;
						TestTargetID = 53BD112627EE532F003C156E;
					};
					53BD114627EE5331003C156E = {
						CreatedOnToolsVersion = 13.3;
						TestTargetID = 53BD112627EE532F003C156E;
					};
				};
			};
			buildConfigurationList = 53BD112227EE532F003C156E /* Build configuration list for PBXProject "AnimationMoveApp" */;
			compatibilityVersion = "Xcode 13.0";
			developmentRegion = en;
			hasScannedForEncodings = 0;
			knownRegions = (
				en,
				Base,
			);
			mainGroup = 53BD111E27EE532F003C156E;
			productRefGroup = 53BD112827EE532F003C156E /* Products */;
			projectDirPath = "";
			projectRoot = "";
			targets = (
				53BD112627EE532F003C156E /* AnimationMoveApp */,
				53BD113C27EE5331003C156E /* AnimationMoveAppTests */,
				53BD114627EE5331003C156E /* AnimationMoveAppUITests */,
			);
		};
/* End PBXProject section */

/* Begin PBXResourcesBuildPhase section */
		53BD112527EE532F003C156E /* Resources */ = {
			isa = PBXResourcesBuildPhase;
			buildActionMask = 2147483647;
			files = (
				53BD113727EE5330003C156E /* LaunchScreen.storyboard in Resources */,
				53BD113427EE5330003C156E /* Assets.xcassets in Resources */,
				53BD113227EE532F003C156E /* Main.storyboard in Resources */,
			);
			runOnlyForDeploymentPostprocessing = 0;
		};
		53BD113B27EE5331003C156E /* Resources */ = {
			isa = PBXResourcesBuildPhase;
			buildActionMask = 2147483647;
			files = (
			);
			runOnlyForDeploymentPostprocessing = 0;
		};
		53BD114527EE5331003C156E /* Resources */ = {
			isa = PBXResourcesBuildPhase;
			buildActionMask = 2147483647;
			files = (
			);
			runOnlyForDeploymentPostprocessing = 0;
		};
/* End PBXResourcesBuildPhase section */

/* Begin PBXSourcesBuildPhase section */
		53BD112327EE532F003C156E /* Sources */ = {
			isa = PBXSourcesBuildPhase;
			buildActionMask = 2147483647;
			files = (
				53BD112F27EE532F003C156E /* ViewController.swift in Sources */,
				53BD112B27EE532F003C156E /* AppDelegate.swift in Sources */,
				53BD112D27EE532F003C156E /* SceneDelegate.swift in Sources */,
			);
			runOnlyForDeploymentPostprocessing = 0;
		};
		53BD113927EE5331003C156E /* Sources */ = {
			isa = PBXSourcesBuildPhase;
			buildActionMask = 2147483647;
			files = (
				53BD114227EE5331003C156E /* AnimationMoveAppTests.swift in Sources */,
			);
			runOnlyForDeploymentPostprocessing = 0;
		};
		53BD114327EE5331003C156E /* Sources */ = {
			isa = PBXSourcesBuildPhase;
			buildActionMask = 2147483647;
			files = (
				53BD114E27EE5331003C156E /* AnimationMoveAppUITestsLaunchTests.swift in Sources */,
				53BD114C27EE5331003C156E /* AnimationMoveAppUITests.swift in Sources */,
			);
			runOnlyForDeploymentPostprocessing = 0;
		};
/* End PBXSourcesBuildPhase section */

/* Begin PBXTargetDependency section */
		53BD113F27EE5331003C156E /* PBXTargetDependency */ = {
			isa = PBXTargetDependency;
			target = 53BD112627EE532F003C156E /* AnimationMoveApp */;
			targetProxy = 53BD113E27EE5331003C156E /* PBXContainerItemProxy */;
		};
		53BD114927EE5331003C156E /* PBXTargetDependency */ = {
			isa = PBXTargetDependency;
			target = 53BD112627EE532F003C156E /* AnimationMoveApp */;
			targetProxy = 53BD114827EE5331003C156E /* PBXContainerItemProxy */;
		};
/* End PBXTargetDependency section */

/* Begin PBXVariantGroup section */
		53BD113027EE532F003C156E /* Main.storyboard */ = {
			isa = PBXVariantGroup;
			children = (
				53BD113127EE532F003C156E /* Base */,
			);
			name = Main.storyboard;
			sourceTree = "<group>";
		};
		53BD113527EE5330003C156E /* LaunchScreen.storyboard */ = {
			isa = PBXVariantGroup;
			children = (
				53BD113627EE5330003C156E /* Base */,
			);
			name = LaunchScreen.storyboard;
			sourceTree = "<group>";
		};
/* End PBXVariantGroup section */

/* Begin XCBuildConfiguration section */
		53BD114F27EE5331003C156E /* Debug */ = {
			isa = XCBuildConfiguration;
			buildSettings = {
				ALWAYS_SEARCH_USER_PATHS = NO;
				CLANG_ANALYZER_NONNULL = YES;
				CLANG_ANALYZER_NUMBER_OBJECT_CONVERSION = YES_AGGRESSIVE;
				CLANG_CXX_LANGUAGE_STANDARD = "gnu++17";
				CLANG_ENABLE_MODULES = YES;
				CLANG_ENABLE_OBJC_ARC = YES;
				CLANG_ENABLE_OBJC_WEAK = YES;
				CLANG_WARN_BLOCK_CAPTURE_AUTORELEASING = YES;
				CLANG_WARN_BOOL_CONVERSION = YES;
				CLANG_WARN_COMMA = YES;
				CLANG_WARN_CONSTANT_CONVERSION = YES;
				CLANG_WARN_DEPRECATED_OBJC_IMPLEMENTATIONS = YES;
				CLANG_WARN_DIRECT_OBJC_ISA_USAGE = YES_ERROR;
				CLANG_WARN_DOCUMENTATION_COMMENTS = YES;
				CLANG_WARN_EMPTY_BODY = YES;
				CLANG_WARN_ENUM_CONVERSION = YES;
				CLANG_WARN_INFINITE_RECURSION = YES;
				CLANG_WARN_INT_CONVERSION = YES;
				CLANG_WARN_NON_LITERAL_NULL_CONVERSION = YES;
				CLANG_WARN_OBJC_IMPLICIT_RETAIN_SELF = YES;
				CLANG_WARN_OBJC_LITERAL_CONVERSION = YES;
				CLANG_WARN_OBJC_ROOT_CLASS = YES_ERROR;
				CLANG_WARN_QUOTED_INCLUDE_IN_FRAMEWORK_HEADER = YES;
				CLANG_WARN_RANGE_LOOP_ANALYSIS = YES;
				CLANG_WARN_STRICT_PROTOTYPES = YES;
				CLANG_WARN_SUSPICIOUS_MOVE = YES;
				CLANG_WARN_UNGUARDED_AVAILABILITY = YES_AGGRESSIVE;
				CLANG_WARN_UNREACHABLE_CODE = YES;
				CLANG_WARN__DUPLICATE_METHOD_MATCH = YES;
				COPY_PHASE_STRIP = NO;
				DEBUG_INFORMATION_FORMAT = dwarf;
				ENABLE_STRICT_OBJC_MSGSEND = YES;
				ENABLE_TESTABILITY = YES;
				GCC_C_LANGUAGE_STANDARD = gnu11;
				GCC_DYNAMIC_NO_PIC = NO;
				GCC_NO_COMMON_BLOCKS = YES;
				GCC_OPTIMIZATION_LEVEL = 0;
				GCC_PREPROCESSOR_DEFINITIONS = (
					"DEBUG=1",
					"$(inherited)",
				);
				GCC_WARN_64_TO_32_BIT_CONVERSION = YES;
				GCC_WARN_ABOUT_RETURN_TYPE = YES_ERROR;
				GCC_WARN_UNDECLARED_SELECTOR = YES;
				GCC_WARN_UNINITIALIZED_AUTOS = YES_AGGRESSIVE;
				GCC_WARN_UNUSED_FUNCTION = YES;
				GCC_WARN_UNUSED_VARIABLE = YES;
				IPHONEOS_DEPLOYMENT_TARGET = 15.4;
				MTL_ENABLE_DEBUG_INFO = INCLUDE_SOURCE;
				MTL_FAST_MATH = YES;
				ONLY_ACTIVE_ARCH = YES;
				SDKROOT = iphoneos;
				SWIFT_ACTIVE_COMPILATION_CONDITIONS = DEBUG;
				SWIFT_OPTIMIZATION_LEVEL = "-Onone";
			};
			name = Debug;
		};
		53BD115027EE5331003C156E /* Release */ = {
			isa = XCBuildConfiguration;
			buildSettings = {
				ALWAYS_SEARCH_USER_PATHS = NO;
				CLANG_ANALYZER_NONNULL = YES;
				CLANG_ANALYZER_NUMBER_OBJECT_CONVERSION = YES_AGGRESSIVE;
				CLANG_CXX_LANGUAGE_STANDARD = "gnu++17";
				CLANG_ENABLE_MODULES = YES;
				CLANG_ENABLE_OBJC_ARC = YES;
				CLANG_ENABLE_OBJC_WEAK = YES;
				CLANG_WARN_BLOCK_CAPTURE_AUTORELEASING = YES;
				CLANG_WARN_BOOL_CONVERSION = YES;
				CLANG_WARN_COMMA = YES;
				CLANG_WARN_CONSTANT_CONVERSION = YES;
				CLANG_WARN_DEPRECATED_OBJC_IMPLEMENTATIONS = YES;
				CLANG_WARN_DIRECT_OBJC_ISA_USAGE = YES_ERROR;
				CLANG_WARN_DOCUMENTATION_COMMENTS = YES;
				CLANG_WARN_EMPTY_BODY = YES;
				CLANG_WARN_ENUM_CONVERSION = YES;
				CLANG_WARN_INFINITE_RECURSION = YES;
				CLANG_WARN_INT_CONVERSION = YES;
				CLANG_WARN_NON_LITERAL_NULL_CONVERSION = YES;
				CLANG_WARN_OBJC_IMPLICIT_RETAIN_SELF = YES;
				CLANG_WARN_OBJC_LITERAL_CONVERSION = YES;
				CLANG_WARN_OBJC_ROOT_CLASS = YES_ERROR;
				CLANG_WARN_QUOTED_INCLUDE_IN_FRAMEWORK_HEADER = YES;
				CLANG_WARN_RANGE_LOOP_ANALYSIS = YES;
				CLANG_WARN_STRICT_PROTOTYPES = YES;
				CLANG_WARN_SUSPICIOUS_MOVE = YES;
				CLANG_WARN_UNGUARDED_AVAILABILITY = YES_AGGRESSIVE;
				CLANG_WARN_UNREACHABLE_CODE = YES;
				CLANG_WARN__DUPLICATE_METHOD_MATCH = YES;
				COPY_PHASE_STRIP = NO;
				DEBUG_INFORMATION_FORMAT = "dwarf-with-dsym";
				ENABLE_NS_ASSERTIONS = NO;
				ENABLE_STRICT_OBJC_MSGSEND = YES;
				GCC_C_LANGUAGE_STANDARD = gnu11;
				GCC_NO_COMMON_BLOCKS = YES;
				GCC_WARN_64_TO_32_BIT_CONVERSION = YES;
				GCC_WARN_ABOUT_RETURN_TYPE = YES_ERROR;
				GCC_WARN_UNDECLARED_SELECTOR = YES;
				GCC_WARN_UNINITIALIZED_AUTOS = YES_AGGRESSIVE;
				GCC_WARN_UNUSED_FUNCTION = YES;
				GCC_WARN_UNUSED_VARIABLE = YES;
				IPHONEOS_DEPLOYMENT_TARGET = 15.4;
				MTL_ENABLE_DEBUG_INFO = NO;
				MTL_FAST_MATH = YES;
				SDKROOT = iphoneos;
				SWIFT_COMPILATION_MODE = wholemodule;
				SWIFT_OPTIMIZATION_LEVEL = "-O";
				VALIDATE_PRODUCT = YES;
			};
			name = Release;
		};
		53BD115227EE5331003C156E /* Debug */ = {
			isa = XCBuildConfiguration;
			buildSettings = {
				ASSETCATALOG_COMPILER_APPICON_NAME = AppIcon;
				ASSETCATALOG_COMPILER_GLOBAL_ACCENT_COLOR_NAME = AccentColor;
				CODE_SIGN_STYLE = Automatic;
				CURRENT_PROJECT_VERSION = 1;
				DEVELOPMENT_TEAM = BPYD893NRV;
				GENERATE_INFOPLIST_FILE = YES;
				INFOPLIST_FILE = AnimationMoveApp/Info.plist;
				INFOPLIST_KEY_UIApplicationSupportsIndirectInputEvents = YES;
				INFOPLIST_KEY_UILaunchStoryboardName = LaunchScreen;
				INFOPLIST_KEY_UIMainStoryboardFile = Main;
				INFOPLIST_KEY_UISupportedInterfaceOrientations_iPad = "UIInterfaceOrientationPortrait UIInterfaceOrientationPortraitUpsideDown UIInterfaceOrientationLandscapeLeft UIInterfaceOrientationLandscapeRight";
				INFOPLIST_KEY_UISupportedInterfaceOrientations_iPhone = "UIInterfaceOrientationPortrait UIInterfaceOrientationLandscapeLeft UIInterfaceOrientationLandscapeRight";
				LD_RUNPATH_SEARCH_PATHS = (
					"$(inherited)",
					"@executable_path/Frameworks",
				);
				MARKETING_VERSION = 1.0;
				PRODUCT_BUNDLE_IDENTIFIER = com.ashk.AnimationMoveApp;
				PRODUCT_NAME = "$(TARGET_NAME)";
				SWIFT_EMIT_LOC_STRINGS = YES;
				SWIFT_VERSION = 5.0;
				TARGETED_DEVICE_FAMILY = "1,2";
			};
			name = Debug;
		};
		53BD115327EE5331003C156E /* Release */ = {
			isa = XCBuildConfiguration;
			buildSettings = {
				ASSETCATALOG_COMPILER_APPICON_NAME = AppIcon;
				ASSETCATALOG_COMPILER_GLOBAL_ACCENT_COLOR_NAME = AccentColor;
				CODE_SIGN_STYLE = Automatic;
				CURRENT_PROJECT_VERSION = 1;
				DEVELOPMENT_TEAM = BPYD893NRV;
				GENERATE_INFOPLIST_FILE = YES;
				INFOPLIST_FILE = AnimationMoveApp/Info.plist;
				INFOPLIST_KEY_UIApplicationSupportsIndirectInputEvents = YES;
				INFOPLIST_KEY_UILaunchStoryboardName = LaunchScreen;
				INFOPLIST_KEY_UIMainStoryboardFile = Main;
				INFOPLIST_KEY_UISupportedInterfaceOrientations_iPad = "UIInterfaceOrientationPortrait UIInterfaceOrientationPortraitUpsideDown UIInterfaceOrientationLandscapeLeft UIInterfaceOrientationLandscapeRight";
				INFOPLIST_KEY_UISupportedInterfaceOrientations_iPhone = "UIInterfaceOrientationPortrait UIInterfaceOrientationLandscapeLeft UIInterfaceOrientationLandscapeRight";
				LD_RUNPATH_SEARCH_PATHS = (
					"$(inherited)",
					"@executable_path/Frameworks",
				);
				MARKETING_VERSION = 1.0;
				PRODUCT_BUNDLE_IDENTIFIER = com.ashk.AnimationMoveApp;
				PRODUCT_NAME = "$(TARGET_NAME)";
				SWIFT_EMIT_LOC_STRINGS = YES;
				SWIFT_VERSION = 5.0;
				TARGETED_DEVICE_FAMILY = "1,2";
			};
			name = Release;
		};
		53BD115527EE5331003C156E /* Debug */ = {
			isa = XCBuildConfiguration;
			buildSettings = {
				ALWAYS_EMBED_SWIFT_STANDARD_LIBRARIES = YES;
				BUNDLE_LOADER = "$(TEST_HOST)";
				CODE_SIGN_STYLE = Automatic;
				CURRENT_PROJECT_VERSION = 1;
				DEVELOPMENT_TEAM = BPYD893NRV;
				GENERATE_INFOPLIST_FILE = YES;
				IPHONEOS_DEPLOYMENT_TARGET = 15.4;
				MARKETING_VERSION = 1.0;
				PRODUCT_BUNDLE_IDENTIFIER = com.ashk.AnimationMoveAppTests;
				PRODUCT_NAME = "$(TARGET_NAME)";
				SWIFT_EMIT_LOC_STRINGS = NO;
				SWIFT_VERSION = 5.0;
				TARGETED_DEVICE_FAMILY = "1,2";
				TEST_HOST = "$(BUILT_PRODUCTS_DIR)/AnimationMoveApp.app/AnimationMoveApp";
			};
			name = Debug;
		};
		53BD115627EE5331003C156E /* Release */ = {
			isa = XCBuildConfiguration;
			buildSettings = {
				ALWAYS_EMBED_SWIFT_STANDARD_LIBRARIES = YES;
				BUNDLE_LOADER = "$(TEST_HOST)";
				CODE_SIGN_STYLE = Automatic;
				CURRENT_PROJECT_VERSION = 1;
				DEVELOPMENT_TEAM = BPYD893NRV;
				GENERATE_INFOPLIST_FILE = YES;
				IPHONEOS_DEPLOYMENT_TARGET = 15.4;
				MARKETING_VERSION = 1.0;
				PRODUCT_BUNDLE_IDENTIFIER = com.ashk.AnimationMoveAppTests;
				PRODUCT_NAME = "$(TARGET_NAME)";
				SWIFT_EMIT_LOC_STRINGS = NO;
				SWIFT_VERSION = 5.0;
				TARGETED_DEVICE_FAMILY = "1,2";
				TEST_HOST = "$(BUILT_PRODUCTS_DIR)/AnimationMoveApp.app/AnimationMoveApp";
			};
			name = Release;
		};
		53BD115827EE5331003C156E /* Debug */ = {
			isa = XCBuildConfiguration;
			buildSettings = {
				ALWAYS_EMBED_SWIFT_STANDARD_LIBRARIES = YES;
				CODE_SIGN_STYLE = Automatic;
				CURRENT_PROJECT_VERSION = 1;
				DEVELOPMENT_TEAM = BPYD893NRV;
				GENERATE_INFOPLIST_FILE = YES;
				MARKETING_VERSION = 1.0;
				PRODUCT_BUNDLE_IDENTIFIER = com.ashk.AnimationMoveAppUITests;
				PRODUCT_NAME = "$(TARGET_NAME)";
				SWIFT_EMIT_LOC_STRINGS = NO;
				SWIFT_VERSION = 5.0;
				TARGETED_DEVICE_FAMILY = "1,2";
				TEST_TARGET_NAME = AnimationMoveApp;
			};
			name = Debug;
		};
		53BD115927EE5331003C156E /* Release */ = {
			isa = XCBuildConfiguration;
			buildSettings = {
				ALWAYS_EMBED_SWIFT_STANDARD_LIBRARIES = YES;
				CODE_SIGN_STYLE = Automatic;
				CURRENT_PROJECT_VERSION = 1;
				DEVELOPMENT_TEAM = BPYD893NRV;
				GENERATE_INFOPLIST_FILE = YES;
				MARKETING_VERSION = 1.0;
				PRODUCT_BUNDLE_IDENTIFIER = com.ashk.AnimationMoveAppUITests;
				PRODUCT_NAME = "$(TARGET_NAME)";
				SWIFT_EMIT_LOC_STRINGS = NO;
				SWIFT_VERSION = 5.0;
				TARGETED_DEVICE_FAMILY = "1,2";
				TEST_TARGET_NAME = AnimationMoveApp;
			};
			name = Release;
		};
/* End XCBuildConfiguration section */

/* Begin XCConfigurationList section */
		53BD112227EE532F003C156E /* Build configuration list for PBXProject "AnimationMoveApp" */ = {
			isa = XCConfigurationList;
			buildConfigurations = (
				53BD114F27EE5331003C156E /* Debug */,
				53BD115027EE5331003C156E /* Release */,
			);
			defaultConfigurationIsVisible = 0;
			defaultConfigurationName = Release;
		};
		53BD115127EE5331003C156E /* Build configuration list for PBXNativeTarget "AnimationMoveApp" */ = {
			isa = XCConfigurationList;
			buildConfigurations = (
				53BD115227EE5331003C156E /* Debug */,
				53BD115327EE5331003C156E /* Release */,
			);
			defaultConfigurationIsVisible = 0;
			defaultConfigurationName = Release;
		};
		53BD115427EE5331003C156E /* Build configuration list for PBXNativeTarget "AnimationMoveAppTests" */ = {
			isa = XCConfigurationList;
			buildConfigurations = (
				53BD115527EE5331003C156E /* Debug */,
				53BD115627EE5331003C156E /* Release */,
			);
			defaultConfigurationIsVisible = 0;
			defaultConfigurationName = Release;
		};
		53BD115727EE5331003C156E /* Build configuration list for PBXNativeTarget "AnimationMoveAppUITests" */ = {
			isa = XCConfigurationList;
			buildConfigurations = (
				53BD115827EE5331003C156E /* Debug */,
				53BD115927EE5331003C156E /* Release */,
			);
			defaultConfigurationIsVisible = 0;
			defaultConfigurationName = Release;
		};
/* End XCConfigurationList section */
	};
	rootObject = 53BD111F27EE532F003C156E /* Project object */;
}
